
Microsoft Visual Studio Solution File, Format Version 12.00
# Visual Studio Version 17
VisualStudioVersion = 17.12.35707.178
MinimumVisualStudioVersion = 10.0.40219.1
Project("{2150E333-8FDC-42A3-9474-1A3956D46DE8}") = ".paket", ".paket", "{F8DF5904-107E-45D2-9D05-F10C8D96B5AB}"
	ProjectSection(SolutionItems) = preProject
		paket.dependencies = paket.dependencies
	EndProjectSection
EndProject
Project("{2150E333-8FDC-42A3-9474-1A3956D46DE8}") = "src", "src", "{372272BA-3993-42B3-BC58-7B9CE81D2724}"
EndProject
Project("{2150E333-8FDC-42A3-9474-1A3956D46DE8}") = "tests", "tests", "{6C64AF6C-ADAC-4A24-8CB4-62FE4571F945}"
EndProject
Project("{2150E333-8FDC-42A3-9474-1A3956D46DE8}") = "Solution Items", "Solution Items", "{B301F0C9-177A-4D77-9ADD-AE4002310D1F}"
	ProjectSection(SolutionItems) = preProject
		.gitignore = .gitignore
		config.nsdepcop = config.nsdepcop
		Directory.Build.props = Directory.Build.props
		Directory.Packages.props = Directory.Packages.props
	EndProjectSection
EndProject
Project("{FAE04EC0-301F-11D3-BF4B-00C04F79EFBC}") = "AiToys", "src\AiToys\AiToys.csproj", "{D6FB8AAF-0C54-4827-A407-74B1CA490290}"
EndProject
Project("{FAE04EC0-301F-11D3-BF4B-00C04F79EFBC}") = "Extensions.Hosting.WinUi", "src\Extensions.Hosting.WinUi\Extensions.Hosting.WinUi.csproj", "{BECAC7D1-9AF3-409D-BF87-026C4F14542F}"
EndProject
Project("{FAE04EC0-301F-11D3-BF4B-00C04F79EFBC}") = "AiToys.Core", "src\AiToys.Core\AiToys.Core.csproj", "{9C1AF506-5875-43F8-9526-0A50787FB641}"
EndProject
Project("{FAE04EC0-301F-11D3-BF4B-00C04F79EFBC}") = "AiToys.Home", "src\AiToys.Home\AiToys.Home.csproj", "{A971548A-F056-4F96-BEDE-CF31A1124963}"
EndProject
Project("{FAE04EC0-301F-11D3-BF4B-00C04F79EFBC}") = "AiToys.SpeechToText", "src\AiToys.SpeechToText\AiToys.SpeechToText.csproj", "{620601D9-B1FB-4746-83B6-C7858A810F72}"
EndProject
Project("{FAE04EC0-301F-11D3-BF4B-00C04F79EFBC}") = "AiToys.Translation", "src\AiToys.Translation\AiToys.Translation.csproj", "{37F3BE37-3CE1-4874-8960-F6795B8CC620}"
EndProject
Project("{2150E333-8FDC-42A3-9474-1A3956D46DE8}") = "external", "external", "{02EA681E-C7D8-13C7-8484-4AC65E1B71E8}"
EndProject
Project("{2150E333-8FDC-42A3-9474-1A3956D46DE8}") = "translation-api-client", "translation-api-client", "{58F2F997-A3CB-4A2A-8A5D-DAD4BB76B4B7}"
EndProject
Project("{FAE04EC0-301F-11D3-BF4B-00C04F79EFBC}") = "TranslationApiClient", "external\translation-api-client\src\TranslationApiClient\TranslationApiClient.csproj", "{5D9B64EE-69B3-ABD2-2504-05DFCABCC30F}"
EndProject
Project("{FAE04EC0-301F-11D3-BF4B-00C04F79EFBC}") = "TranslationApiClient.Tests", "external\translation-api-client\tests\TranslationApiClient.Tests\TranslationApiClient.Tests.csproj", "{931E4021-E9E9-C0D9-5119-161C57007F14}"
EndProject
Project("{2150E333-8FDC-42A3-9474-1A3956D46DE8}") = "speech-to-text-api-client", "speech-to-text-api-client", "{CAF6CDAD-BC2B-4266-B013-2D067ACF2CCA}"
EndProject
Project("{FAE04EC0-301F-11D3-BF4B-00C04F79EFBC}") = "SpeechToTextApiClient", "external\speech-to-text-api-client\src\SpeechToTextApiClient\SpeechToTextApiClient.csproj", "{CC088E43-D95D-4A3E-D8F6-CE3FBAF9CC3A}"
EndProject
Project("{FAE04EC0-301F-11D3-BF4B-00C04F79EFBC}") = "SpeechToTextApiClient.Tests", "external\speech-to-text-api-client\tests\SpeechToTextApiClient.Tests\SpeechToTextApiClient.Tests.csproj", "{CB079E45-2952-2F1E-E7F8-6339006F4954}"
EndProject
Global
	GlobalSection(SolutionConfigurationPlatforms) = preSolution
		Debug|ARM64 = Debug|ARM64
		Debug|x64 = Debug|x64
		Debug|x86 = Debug|x86
		Release|ARM64 = Release|ARM64
		Release|x64 = Release|x64
		Release|x86 = Release|x86
	EndGlobalSection
	GlobalSection(ProjectConfigurationPlatforms) = postSolution
		{D6FB8AAF-0C54-4827-A407-74B1CA490290}.Debug|ARM64.ActiveCfg = Debug|ARM64
		{D6FB8AAF-0C54-4827-A407-74B1CA490290}.Debug|ARM64.Build.0 = Debug|ARM64
		{D6FB8AAF-0C54-4827-A407-74B1CA490290}.Debug|ARM64.Deploy.0 = Debug|ARM64
		{D6FB8AAF-0C54-4827-A407-74B1CA490290}.Debug|x64.ActiveCfg = Debug|x64
		{D6FB8AAF-0C54-4827-A407-74B1CA490290}.Debug|x64.Build.0 = Debug|x64
		{D6FB8AAF-0C54-4827-A407-74B1CA490290}.Debug|x64.Deploy.0 = Debug|x64
		{D6FB8AAF-0C54-4827-A407-74B1CA490290}.Debug|x86.ActiveCfg = Debug|x86
		{D6FB8AAF-0C54-4827-A407-74B1CA490290}.Debug|x86.Build.0 = Debug|x86
		{D6FB8AAF-0C54-4827-A407-74B1CA490290}.Debug|x86.Deploy.0 = Debug|x86
		{D6FB8AAF-0C54-4827-A407-74B1CA490290}.Release|ARM64.ActiveCfg = Release|ARM64
		{D6FB8AAF-0C54-4827-A407-74B1CA490290}.Release|ARM64.Build.0 = Release|ARM64
		{D6FB8AAF-0C54-4827-A407-74B1CA490290}.Release|ARM64.Deploy.0 = Release|ARM64
		{D6FB8AAF-0C54-4827-A407-74B1CA490290}.Release|x64.ActiveCfg = Release|x64
		{D6FB8AAF-0C54-4827-A407-74B1CA490290}.Release|x64.Build.0 = Release|x64
		{D6FB8AAF-0C54-4827-A407-74B1CA490290}.Release|x64.Deploy.0 = Release|x64
		{D6FB8AAF-0C54-4827-A407-74B1CA490290}.Release|x86.ActiveCfg = Release|x86
		{D6FB8AAF-0C54-4827-A407-74B1CA490290}.Release|x86.Build.0 = Release|x86
		{D6FB8AAF-0C54-4827-A407-74B1CA490290}.Release|x86.Deploy.0 = Release|x86
		{BECAC7D1-9AF3-409D-BF87-026C4F14542F}.Debug|ARM64.ActiveCfg = Debug|Any CPU
		{BECAC7D1-9AF3-409D-BF87-026C4F14542F}.Debug|ARM64.Build.0 = Debug|Any CPU
		{BECAC7D1-9AF3-409D-BF87-026C4F14542F}.Debug|x64.ActiveCfg = Debug|Any CPU
		{BECAC7D1-9AF3-409D-BF87-026C4F14542F}.Debug|x64.Build.0 = Debug|Any CPU
		{BECAC7D1-9AF3-409D-BF87-026C4F14542F}.Debug|x86.ActiveCfg = Debug|Any CPU
		{BECAC7D1-9AF3-409D-BF87-026C4F14542F}.Debug|x86.Build.0 = Debug|Any CPU
		{BECAC7D1-9AF3-409D-BF87-026C4F14542F}.Release|ARM64.ActiveCfg = Release|Any CPU
		{BECAC7D1-9AF3-409D-BF87-026C4F14542F}.Release|ARM64.Build.0 = Release|Any CPU
		{BECAC7D1-9AF3-409D-BF87-026C4F14542F}.Release|x64.ActiveCfg = Release|Any CPU
		{BECAC7D1-9AF3-409D-BF87-026C4F14542F}.Release|x64.Build.0 = Release|Any CPU
		{BECAC7D1-9AF3-409D-BF87-026C4F14542F}.Release|x86.ActiveCfg = Release|Any CPU
		{BECAC7D1-9AF3-409D-BF87-026C4F14542F}.Release|x86.Build.0 = Release|Any CPU
		{9C1AF506-5875-43F8-9526-0A50787FB641}.Debug|ARM64.ActiveCfg = Debug|Any CPU
		{9C1AF506-5875-43F8-9526-0A50787FB641}.Debug|ARM64.Build.0 = Debug|Any CPU
		{9C1AF506-5875-43F8-9526-0A50787FB641}.Debug|x64.ActiveCfg = Debug|Any CPU
		{9C1AF506-5875-43F8-9526-0A50787FB641}.Debug|x64.Build.0 = Debug|Any CPU
		{9C1AF506-5875-43F8-9526-0A50787FB641}.Debug|x86.ActiveCfg = Debug|Any CPU
		{9C1AF506-5875-43F8-9526-0A50787FB641}.Debug|x86.Build.0 = Debug|Any CPU
		{9C1AF506-5875-43F8-9526-0A50787FB641}.Release|ARM64.ActiveCfg = Release|Any CPU
		{9C1AF506-5875-43F8-9526-0A50787FB641}.Release|ARM64.Build.0 = Release|Any CPU
		{9C1AF506-5875-43F8-9526-0A50787FB641}.Release|x64.ActiveCfg = Release|Any CPU
		{9C1AF506-5875-43F8-9526-0A50787FB641}.Release|x64.Build.0 = Release|Any CPU
		{9C1AF506-5875-43F8-9526-0A50787FB641}.Release|x86.ActiveCfg = Release|Any CPU
		{9C1AF506-5875-43F8-9526-0A50787FB641}.Release|x86.Build.0 = Release|Any CPU
		{A971548A-F056-4F96-BEDE-CF31A1124963}.Debug|ARM64.ActiveCfg = Debug|Any CPU
		{A971548A-F056-4F96-BEDE-CF31A1124963}.Debug|ARM64.Build.0 = Debug|Any CPU
		{A971548A-F056-4F96-BEDE-CF31A1124963}.Debug|x64.ActiveCfg = Debug|Any CPU
		{A971548A-F056-4F96-BEDE-CF31A1124963}.Debug|x64.Build.0 = Debug|Any CPU
		{A971548A-F056-4F96-BEDE-CF31A1124963}.Debug|x86.ActiveCfg = Debug|Any CPU
		{A971548A-F056-4F96-BEDE-CF31A1124963}.Debug|x86.Build.0 = Debug|Any CPU
		{A971548A-F056-4F96-BEDE-CF31A1124963}.Release|ARM64.ActiveCfg = Release|Any CPU
		{A971548A-F056-4F96-BEDE-CF31A1124963}.Release|ARM64.Build.0 = Release|Any CPU
		{A971548A-F056-4F96-BEDE-CF31A1124963}.Release|x64.ActiveCfg = Release|Any CPU
		{A971548A-F056-4F96-BEDE-CF31A1124963}.Release|x64.Build.0 = Release|Any CPU
		{A971548A-F056-4F96-BEDE-CF31A1124963}.Release|x86.ActiveCfg = Release|Any CPU
		{A971548A-F056-4F96-BEDE-CF31A1124963}.Release|x86.Build.0 = Release|Any CPU
		{620601D9-B1FB-4746-83B6-C7858A810F72}.Debug|ARM64.ActiveCfg = Debug|Any CPU
		{620601D9-B1FB-4746-83B6-C7858A810F72}.Debug|ARM64.Build.0 = Debug|Any CPU
		{620601D9-B1FB-4746-83B6-C7858A810F72}.Debug|x64.ActiveCfg = Debug|Any CPU
		{620601D9-B1FB-4746-83B6-C7858A810F72}.Debug|x64.Build.0 = Debug|Any CPU
		{620601D9-B1FB-4746-83B6-C7858A810F72}.Debug|x86.ActiveCfg = Debug|Any CPU
		{620601D9-B1FB-4746-83B6-C7858A810F72}.Debug|x86.Build.0 = Debug|Any CPU
		{620601D9-B1FB-4746-83B6-C7858A810F72}.Release|ARM64.ActiveCfg = Release|Any CPU
		{620601D9-B1FB-4746-83B6-C7858A810F72}.Release|ARM64.Build.0 = Release|Any CPU
		{620601D9-B1FB-4746-83B6-C7858A810F72}.Release|x64.ActiveCfg = Release|Any CPU
		{620601D9-B1FB-4746-83B6-C7858A810F72}.Release|x64.Build.0 = Release|Any CPU
		{620601D9-B1FB-4746-83B6-C7858A810F72}.Release|x86.ActiveCfg = Release|Any CPU
		{620601D9-B1FB-4746-83B6-C7858A810F72}.Release|x86.Build.0 = Release|Any CPU
		{37F3BE37-3CE1-4874-8960-F6795B8CC620}.Debug|ARM64.ActiveCfg = Debug|Any CPU
		{37F3BE37-3CE1-4874-8960-F6795B8CC620}.Debug|ARM64.Build.0 = Debug|Any CPU
		{37F3BE37-3CE1-4874-8960-F6795B8CC620}.Debug|x64.ActiveCfg = Debug|Any CPU
		{37F3BE37-3CE1-4874-8960-F6795B8CC620}.Debug|x64.Build.0 = Debug|Any CPU
		{37F3BE37-3CE1-4874-8960-F6795B8CC620}.Debug|x86.ActiveCfg = Debug|Any CPU
		{37F3BE37-3CE1-4874-8960-F6795B8CC620}.Debug|x86.Build.0 = Debug|Any CPU
		{37F3BE37-3CE1-4874-8960-F6795B8CC620}.Release|ARM64.ActiveCfg = Release|Any CPU
		{37F3BE37-3CE1-4874-8960-F6795B8CC620}.Release|ARM64.Build.0 = Release|Any CPU
		{37F3BE37-3CE1-4874-8960-F6795B8CC620}.Release|x64.ActiveCfg = Release|Any CPU
		{37F3BE37-3CE1-4874-8960-F6795B8CC620}.Release|x64.Build.0 = Release|Any CPU
		{37F3BE37-3CE1-4874-8960-F6795B8CC620}.Release|x86.ActiveCfg = Release|Any CPU
		{37F3BE37-3CE1-4874-8960-F6795B8CC620}.Release|x86.Build.0 = Release|Any CPU
		{5D9B64EE-69B3-ABD2-2504-05DFCABCC30F}.Debug|ARM64.ActiveCfg = Debug|Any CPU
		{5D9B64EE-69B3-ABD2-2504-05DFCABCC30F}.Debug|ARM64.Build.0 = Debug|Any CPU
		{5D9B64EE-69B3-ABD2-2504-05DFCABCC30F}.Debug|x64.ActiveCfg = Debug|Any CPU
		{5D9B64EE-69B3-ABD2-2504-05DFCABCC30F}.Debug|x64.Build.0 = Debug|Any CPU
		{5D9B64EE-69B3-ABD2-2504-05DFCABCC30F}.Debug|x86.ActiveCfg = Debug|Any CPU
		{5D9B64EE-69B3-ABD2-2504-05DFCABCC30F}.Debug|x86.Build.0 = Debug|Any CPU
		{5D9B64EE-69B3-ABD2-2504-05DFCABCC30F}.Release|ARM64.ActiveCfg = Release|Any CPU
		{5D9B64EE-69B3-ABD2-2504-05DFCABCC30F}.Release|ARM64.Build.0 = Release|Any CPU
		{5D9B64EE-69B3-ABD2-2504-05DFCABCC30F}.Release|x64.ActiveCfg = Release|Any CPU
		{5D9B64EE-69B3-ABD2-2504-05DFCABCC30F}.Release|x64.Build.0 = Release|Any CPU
		{5D9B64EE-69B3-ABD2-2504-05DFCABCC30F}.Release|x86.ActiveCfg = Release|Any CPU
		{5D9B64EE-69B3-ABD2-2504-05DFCABCC30F}.Release|x86.Build.0 = Release|Any CPU
		{931E4021-E9E9-C0D9-5119-161C57007F14}.Debug|ARM64.ActiveCfg = Debug|Any CPU
		{931E4021-E9E9-C0D9-5119-161C57007F14}.Debug|ARM64.Build.0 = Debug|Any CPU
		{931E4021-E9E9-C0D9-5119-161C57007F14}.Debug|x64.ActiveCfg = Debug|Any CPU
		{931E4021-E9E9-C0D9-5119-161C57007F14}.Debug|x64.Build.0 = Debug|Any CPU
		{931E4021-E9E9-C0D9-5119-161C57007F14}.Debug|x86.ActiveCfg = Debug|Any CPU
		{931E4021-E9E9-C0D9-5119-161C57007F14}.Debug|x86.Build.0 = Debug|Any CPU
		{931E4021-E9E9-C0D9-5119-161C57007F14}.Release|ARM64.ActiveCfg = Release|Any CPU
		{931E4021-E9E9-C0D9-5119-161C57007F14}.Release|ARM64.Build.0 = Release|Any CPU
		{931E4021-E9E9-C0D9-5119-161C57007F14}.Release|x64.ActiveCfg = Release|Any CPU
		{931E4021-E9E9-C0D9-5119-161C57007F14}.Release|x64.Build.0 = Release|Any CPU
		{931E4021-E9E9-C0D9-5119-161C57007F14}.Release|x86.ActiveCfg = Release|Any CPU
		{931E4021-E9E9-C0D9-5119-161C57007F14}.Release|x86.Build.0 = Release|Any CPU
		{CC088E43-D95D-4A3E-D8F6-CE3FBAF9CC3A}.Debug|ARM64.ActiveCfg = Debug|Any CPU
		{CC088E43-D95D-4A3E-D8F6-CE3FBAF9CC3A}.Debug|ARM64.Build.0 = Debug|Any CPU
		{CC088E43-D95D-4A3E-D8F6-CE3FBAF9CC3A}.Debug|x64.ActiveCfg = Debug|Any CPU
		{CC088E43-D95D-4A3E-D8F6-CE3FBAF9CC3A}.Debug|x64.Build.0 = Debug|Any CPU
		{CC088E43-D95D-4A3E-D8F6-CE3FBAF9CC3A}.Debug|x86.ActiveCfg = Debug|Any CPU
		{CC088E43-D95D-4A3E-D8F6-CE3FBAF9CC3A}.Debug|x86.Build.0 = Debug|Any CPU
		{CC088E43-D95D-4A3E-D8F6-CE3FBAF9CC3A}.Release|ARM64.ActiveCfg = Release|Any CPU
		{CC088E43-D95D-4A3E-D8F6-CE3FBAF9CC3A}.Release|ARM64.Build.0 = Release|Any CPU
		{CC088E43-D95D-4A3E-D8F6-CE3FBAF9CC3A}.Release|x64.ActiveCfg = Release|Any CPU
		{CC088E43-D95D-4A3E-D8F6-CE3FBAF9CC3A}.Release|x64.Build.0 = Release|Any CPU
		{CC088E43-D95D-4A3E-D8F6-CE3FBAF9CC3A}.Release|x86.ActiveCfg = Release|Any CPU
		{CC088E43-D95D-4A3E-D8F6-CE3FBAF9CC3A}.Release|x86.Build.0 = Release|Any CPU
		{CB079E45-2952-2F1E-E7F8-6339006F4954}.Debug|ARM64.ActiveCfg = Debug|Any CPU
		{CB079E45-2952-2F1E-E7F8-6339006F4954}.Debug|ARM64.Build.0 = Debug|Any CPU
		{CB079E45-2952-2F1E-E7F8-6339006F4954}.Debug|x64.ActiveCfg = Debug|Any CPU
		{CB079E45-2952-2F1E-E7F8-6339006F4954}.Debug|x64.Build.0 = Debug|Any CPU
		{CB079E45-2952-2F1E-E7F8-6339006F4954}.Debug|x86.ActiveCfg = Debug|Any CPU
		{CB079E45-2952-2F1E-E7F8-6339006F4954}.Debug|x86.Build.0 = Debug|Any CPU
		{CB079E45-2952-2F1E-E7F8-6339006F4954}.Release|ARM64.ActiveCfg = Release|Any CPU
		{CB079E45-2952-2F1E-E7F8-6339006F4954}.Release|ARM64.Build.0 = Release|Any CPU
		{CB079E45-2952-2F1E-E7F8-6339006F4954}.Release|x64.ActiveCfg = Release|Any CPU
		{CB079E45-2952-2F1E-E7F8-6339006F4954}.Release|x64.Build.0 = Release|Any CPU
		{CB079E45-2952-2F1E-E7F8-6339006F4954}.Release|x86.ActiveCfg = Release|Any CPU
		{CB079E45-2952-2F1E-E7F8-6339006F4954}.Release|x86.Build.0 = Release|Any CPU
	EndGlobalSection
	GlobalSection(SolutionProperties) = preSolution
		HideSolutionNode = FALSE
	EndGlobalSection
	GlobalSection(NestedProjects) = preSolution
		{D6FB8AAF-0C54-4827-A407-74B1CA490290} = {372272BA-3993-42B3-BC58-7B9CE81D2724}
		{BECAC7D1-9AF3-409D-BF87-026C4F14542F} = {372272BA-3993-42B3-BC58-7B9CE81D2724}
		{9C1AF506-5875-43F8-9526-0A50787FB641} = {372272BA-3993-42B3-BC58-7B9CE81D2724}
		{A971548A-F056-4F96-BEDE-CF31A1124963} = {372272BA-3993-42B3-BC58-7B9CE81D2724}
		{620601D9-B1FB-4746-83B6-C7858A810F72} = {372272BA-3993-42B3-BC58-7B9CE81D2724}
		{37F3BE37-3CE1-4874-8960-F6795B8CC620} = {372272BA-3993-42B3-BC58-7B9CE81D2724}
		{58F2F997-A3CB-4A2A-8A5D-DAD4BB76B4B7} = {02EA681E-C7D8-13C7-8484-4AC65E1B71E8}
		{5D9B64EE-69B3-ABD2-2504-05DFCABCC30F} = {58F2F997-A3CB-4A2A-8A5D-DAD4BB76B4B7}
		{931E4021-E9E9-C0D9-5119-161C57007F14} = {58F2F997-A3CB-4A2A-8A5D-DAD4BB76B4B7}
		{CAF6CDAD-BC2B-4266-B013-2D067ACF2CCA} = {02EA681E-C7D8-13C7-8484-4AC65E1B71E8}
		{CC088E43-D95D-4A3E-D8F6-CE3FBAF9CC3A} = {CAF6CDAD-BC2B-4266-B013-2D067ACF2CCA}
		{CB079E45-2952-2F1E-E7F8-6339006F4954} = {CAF6CDAD-BC2B-4266-B013-2D067ACF2CCA}
	EndGlobalSection
	GlobalSection(ExtensibilityGlobals) = postSolution
		SolutionGuid = {2F092648-51E9-4562-BB77-8417DBE60A1D}
	EndGlobalSection
EndGlobal
